{
    "version": 3,
    "terraform_version": "0.11.14",
    "serial": 1,
    "lineage": "6ca0004e-2c05-5802-243c-14297d6d696f",
    "modules": [
        {
            "path": [
                "root"
            ],
            "outputs": {
                "bucket": {
                    "sensitive": false,
                    "type": "string",
                    "value": "s3-981467355511-tfstate/eu-west-1/"
                },
                "dynamodb_table": {
                    "sensitive": false,
                    "type": "string",
                    "value": "dynamodb-981467355511-tflock"
                },
                "region": {
                    "sensitive": false,
                    "type": "string",
                    "value": "eu-west-1"
                }
            },
            "resources": {
                "aws_dynamodb_table.terraform_locks": {
                    "type": "aws_dynamodb_table",
                    "depends_on": [
                        "data.aws_caller_identity.current"
                    ],
                    "primary": {
                        "id": "dynamodb-981467355511-tflock",
                        "attributes": {
                            "arn": "arn:aws:dynamodb:eu-west-1:981467355511:table/dynamodb-981467355511-tflock",
                            "attribute.#": "1",
                            "attribute.2068930648.name": "LockID",
                            "attribute.2068930648.type": "S",
                            "billing_mode": "PROVISIONED",
                            "global_secondary_index.#": "0",
                            "hash_key": "LockID",
                            "id": "dynamodb-981467355511-tflock",
                            "local_secondary_index.#": "0",
                            "name": "dynamodb-981467355511-tflock",
                            "point_in_time_recovery.#": "1",
                            "point_in_time_recovery.0.enabled": "false",
                            "read_capacity": "5",
                            "server_side_encryption.#": "0",
                            "stream_arn": "",
                            "stream_enabled": "false",
                            "stream_label": "",
                            "stream_view_type": "",
                            "tags.%": "0",
                            "ttl.#": "1",
                            "ttl.0.attribute_name": "",
                            "ttl.0.enabled": "false",
                            "write_capacity": "5"
                        },
                        "meta": {
                            "e2bfb730-ecaa-11e6-8f88-34363bc7c4c0": {
                                "create": 600000000000,
                                "delete": 600000000000,
                                "update": 3600000000000
                            },
                            "schema_version": "1"
                        },
                        "tainted": false
                    },
                    "deposed": [],
                    "provider": "provider.aws"
                },
                "aws_s3_bucket.terraform_state": {
                    "type": "aws_s3_bucket",
                    "depends_on": [
                        "data.aws_caller_identity.current"
                    ],
                    "primary": {
                        "id": "s3-981467355511-tfstate",
                        "attributes": {
                            "acceleration_status": "",
                            "acl": "private",
                            "arn": "arn:aws:s3:::s3-981467355511-tfstate",
                            "bucket": "s3-981467355511-tfstate",
                            "bucket_domain_name": "s3-981467355511-tfstate.s3.amazonaws.com",
                            "bucket_regional_domain_name": "s3-981467355511-tfstate.s3.eu-west-1.amazonaws.com",
                            "cors_rule.#": "0",
                            "force_destroy": "false",
                            "hosted_zone_id": "Z1BKCTXD74EZPE",
                            "id": "s3-981467355511-tfstate",
                            "lifecycle_rule.#": "0",
                            "logging.#": "0",
                            "object_lock_configuration.#": "0",
                            "region": "eu-west-1",
                            "replication_configuration.#": "0",
                            "request_payer": "BucketOwner",
                            "server_side_encryption_configuration.#": "0",
                            "tags.%": "0",
                            "versioning.#": "1",
                            "versioning.0.enabled": "true",
                            "versioning.0.mfa_delete": "false",
                            "website.#": "0"
                        },
                        "meta": {},
                        "tainted": false
                    },
                    "deposed": [],
                    "provider": "provider.aws"
                },
                "aws_s3_bucket_object.terraform_state_folder": {
                    "type": "aws_s3_bucket_object",
                    "depends_on": [
                        "aws_s3_bucket.terraform_state"
                    ],
                    "primary": {
                        "id": "eu-west-1/",
                        "attributes": {
                            "acl": "private",
                            "bucket": "s3-981467355511-tfstate",
                            "cache_control": "",
                            "content_disposition": "",
                            "content_encoding": "",
                            "content_language": "",
                            "content_type": "application/x-directory",
                            "etag": "d41d8cd98f00b204e9800998ecf8427e",
                            "force_destroy": "false",
                            "id": "eu-west-1/",
                            "key": "eu-west-1/",
                            "metadata.%": "0",
                            "object_lock_legal_hold_status": "",
                            "object_lock_mode": "",
                            "object_lock_retain_until_date": "",
                            "server_side_encryption": "",
                            "storage_class": "STANDARD",
                            "tags.%": "0",
                            "version_id": "4b51SnlJBEUj5Qwm9zjB8chLfLZX5hDf",
                            "website_redirect": ""
                        },
                        "meta": {},
                        "tainted": false
                    },
                    "deposed": [],
                    "provider": "provider.aws"
                },
                "data.aws_caller_identity.current": {
                    "type": "aws_caller_identity",
                    "depends_on": [],
                    "primary": {
                        "id": "2019-10-02 05:47:29.122533 +0000 UTC",
                        "attributes": {
                            "account_id": "981467355511",
                            "arn": "arn:aws:iam::981467355511:user/obourdon",
                            "id": "2019-10-02 05:47:29.122533 +0000 UTC",
                            "user_id": "AIDA6JBADLF3W2NE7ZMN6"
                        },
                        "meta": {},
                        "tainted": false
                    },
                    "deposed": [],
                    "provider": "provider.aws"
                },
                "data.aws_region.current": {
                    "type": "aws_region",
                    "depends_on": [],
                    "primary": {
                        "id": "eu-west-1",
                        "attributes": {
                            "description": "EU (Ireland)",
                            "endpoint": "ec2.eu-west-1.amazonaws.com",
                            "id": "eu-west-1",
                            "name": "eu-west-1"
                        },
                        "meta": {},
                        "tainted": false
                    },
                    "deposed": [],
                    "provider": "provider.aws"
                }
            },
            "depends_on": []
        }
    ]
}
